
Microsoft Visual Studio Solution File, Format Version 12.00
# Visual Studio Version 17
VisualStudioVersion = 17.6.33815.320
MinimumVisualStudioVersion = 10.0.40219.1
Project("{FAE04EC0-301F-11D3-BF4B-00C04F79EFBC}") = "UnitTestsRefactor.CLI", "UnitTestsRefactor.CLI\UnitTestsRefactor.CLI.csproj", "{9463F501-CE82-449C-B4EA-EC3633BED25B}"
EndProject
Project("{FAE04EC0-301F-11D3-BF4B-00C04F79EFBC}") = "UnitTestsRefactor.BusinessLogic", "..\UnitTestsRefactor.BusinessLogic\UnitTestsRefactor.BusinessLogic.csproj", "{30378003-A109-4E2D-AD7F-E295B4057455}"
EndProject
Project("{FAE04EC0-301F-11D3-BF4B-00C04F79EFBC}") = "UnitTestsRefactor.Storage", "..\UnitTestsRefactor.Storage\UnitTestsRefactor.Storage.csproj", "{4E3EFD74-64A4-4044-903E-9C6A71B75734}"
EndProject
Global
	GlobalSection(SolutionConfigurationPlatforms) = preSolution
		Debug|Any CPU = Debug|Any CPU
		Release|Any CPU = Release|Any CPU
	EndGlobalSection
	GlobalSection(ProjectConfigurationPlatforms) = postSolution
		{9463F501-CE82-449C-B4EA-EC3633BED25B}.Debug|Any CPU.ActiveCfg = Debug|Any CPU
		{9463F501-CE82-449C-B4EA-EC3633BED25B}.Debug|Any CPU.Build.0 = Debug|Any CPU
		{9463F501-CE82-449C-B4EA-EC3633BED25B}.Release|Any CPU.ActiveCfg = Release|Any CPU
		{9463F501-CE82-449C-B4EA-EC3633BED25B}.Release|Any CPU.Build.0 = Release|Any CPU
		{30378003-A109-4E2D-AD7F-E295B4057455}.Debug|Any CPU.ActiveCfg = Debug|Any CPU
		{30378003-A109-4E2D-AD7F-E295B4057455}.Debug|Any CPU.Build.0 = Debug|Any CPU
		{30378003-A109-4E2D-AD7F-E295B4057455}.Release|Any CPU.ActiveCfg = Release|Any CPU
		{30378003-A109-4E2D-AD7F-E295B4057455}.Release|Any CPU.Build.0 = Release|Any CPU
		{4E3EFD74-64A4-4044-903E-9C6A71B75734}.Debug|Any CPU.ActiveCfg = Debug|Any CPU
		{4E3EFD74-64A4-4044-903E-9C6A71B75734}.Debug|Any CPU.Build.0 = Debug|Any CPU
		{4E3EFD74-64A4-4044-903E-9C6A71B75734}.Release|Any CPU.ActiveCfg = Release|Any CPU
		{4E3EFD74-64A4-4044-903E-9C6A71B75734}.Release|Any CPU.Build.0 = Release|Any CPU
	EndGlobalSection
	GlobalSection(SolutionProperties) = preSolution
		HideSolutionNode = FALSE
	EndGlobalSection
	GlobalSection(ExtensibilityGlobals) = postSolution
		SolutionGuid = {73F37E77-DF5C-4797-A87D-846411C077D5}
	EndGlobalSection
EndGlobal
